
Microsoft Visual Studio Solution File, Format Version 12.00
# Visual Studio Version 17
VisualStudioVersion = 17.4.33213.308
MinimumVisualStudioVersion = 10.0.40219.1
Project("{FAE04EC0-301F-11D3-BF4B-00C04F79EFBC}") = "Morse Translate", "Morse Translate\Morse Translate.csproj", "{C16C5D99-7541-4E90-9561-BCFA06257775}"
EndProject
Global
	GlobalSection(SolutionConfigurationPlatforms) = preSolution
		Debug|Any CPU = Debug|Any CPU
		Release|Any CPU = Release|Any CPU
	EndGlobalSection
	GlobalSection(ProjectConfigurationPlatforms) = postSolution
		{C16C5D99-7541-4E90-9561-BCFA06257775}.Debug|Any CPU.ActiveCfg = Debug|Any CPU
		{C16C5D99-7541-4E90-9561-BCFA06257775}.Debug|Any CPU.Build.0 = Debug|Any CPU
		{C16C5D99-7541-4E90-9561-BCFA06257775}.Release|Any CPU.ActiveCfg = Release|Any CPU
		{C16C5D99-7541-4E90-9561-BCFA06257775}.Release|Any CPU.Build.0 = Release|Any CPU
	EndGlobalSection
	GlobalSection(SolutionProperties) = preSolution
		HideSolutionNode = FALSE
	EndGlobalSection
	GlobalSection(ExtensibilityGlobals) = postSolution
		SolutionGuid = {7B57205A-129A-4384-9D47-9E9A0827E561}
	EndGlobalSection
EndGlobal
